{
  "requires": true,
  "lockfileVersion": 1,
  "dependencies": {
    "bootstrap3": {
      "version": "3.3.5",
      "resolved": "https://registry.npmjs.org/bootstrap3/-/bootstrap3-3.3.5.tgz",
      "integrity": "sha512-KoChQrvYQQv44JrkjEiSy/90CYp5/4QDF2DZZysD/mPYlZGc+z0QN1aLDUiXhl1KIjWNu5UdJ3w8NhrKZnJOUw=="
    },
    "bootstrap5": {
      "version": "1.1.9",
      "resolved": "https://registry.npmjs.org/bootstrap5/-/bootstrap5-1.1.9.tgz",
      "integrity": "sha512-XZSujP1vsslV7iUgPHRLobe+rL7pYUvZaK2Erk0r45m00cQZz/No3Ua7cenlCFLN+gOMEWYU+ipa8Ktzz79oVA=="
    }
  }
}
